
Microsoft Visual Studio Solution File, Format Version 12.00
# Visual Studio Version 17
VisualStudioVersion = 17.3.32922.545
MinimumVisualStudioVersion = 10.0.40219.1
Project("{FAE04EC0-301F-11D3-BF4B-00C04F79EFBC}") = "Project_manager_app", "Project_manager_app\Project_manager_app.csproj", "{7E11E155-299F-4AA2-B714-1E00C57F3690}"
EndProject
Global
	GlobalSection(SolutionConfigurationPlatforms) = preSolution
		Debug|Any CPU = Debug|Any CPU
		Release|Any CPU = Release|Any CPU
	EndGlobalSection
	GlobalSection(ProjectConfigurationPlatforms) = postSolution
		{7E11E155-299F-4AA2-B714-1E00C57F3690}.Debug|Any CPU.ActiveCfg = Debug|Any CPU
		{7E11E155-299F-4AA2-B714-1E00C57F3690}.Debug|Any CPU.Build.0 = Debug|Any CPU
		{7E11E155-299F-4AA2-B714-1E00C57F3690}.Release|Any CPU.ActiveCfg = Release|Any CPU
		{7E11E155-299F-4AA2-B714-1E00C57F3690}.Release|Any CPU.Build.0 = Release|Any CPU
	EndGlobalSection
	GlobalSection(SolutionProperties) = preSolution
		HideSolutionNode = FALSE
	EndGlobalSection
	GlobalSection(ExtensibilityGlobals) = postSolution
		SolutionGuid = {56E48B86-4879-45AE-B8B3-0B5E1686E491}
	EndGlobalSection
EndGlobal
